// !$*UTF8*$!
{
	archiveVersion = 1;
	classes = {
	};
	objectVersion = 77;
	objects = {

/* Begin PBXContainerItemProxy section */
		16F16C382D6F6DBC00AD43DA /* PBXContainerItemProxy */ = {
			isa = PBXContainerItemProxy;
			containerPortal = 16F16C1F2D6F6DB900AD43DA /* Project object */;
			proxyType = 1;
			remoteGlobalIDString = 16F16C262D6F6DB900AD43DA;
			remoteInfo = "API Poetry";
		};
		16F16C422D6F6DBC00AD43DA /* PBXContainerItemProxy */ = {
			isa = PBXContainerItemProxy;
			containerPortal = 16F16C1F2D6F6DB900AD43DA /* Project object */;
			proxyType = 1;
			remoteGlobalIDString = 16F16C262D6F6DB900AD43DA;
			remoteInfo = "API Poetry";
		};
/* End PBXContainerItemProxy section */

/* Begin PBXFileReference section */
		16F16C272D6F6DB900AD43DA /* API Poetry.app */ = {isa = PBXFileReference; explicitFileType = wrapper.application; includeInIndex = 0; path = "API Poetry.app"; sourceTree = BUILT_PRODUCTS_DIR; };
		16F16C372D6F6DBC00AD43DA /* API PoetryTests.xctest */ = {isa = PBXFileReference; explicitFileType = wrapper.cfbundle; includeInIndex = 0; path = "API PoetryTests.xctest"; sourceTree = BUILT_PRODUCTS_DIR; };
		16F16C412D6F6DBC00AD43DA /* API PoetryUITests.xctest */ = {isa = PBXFileReference; explicitFileType = wrapper.cfbundle; includeInIndex = 0; path = "API PoetryUITests.xctest"; sourceTree = BUILT_PRODUCTS_DIR; };
/* End PBXFileReference section */

/* Begin PBXFileSystemSynchronizedRootGroup section */
		16F16C292D6F6DB900AD43DA /* API Poetry */ = {
			isa = PBXFileSystemSynchronizedRootGroup;
			path = "API Poetry";
			sourceTree = "<group>";
		};
		16F16C3A2D6F6DBC00AD43DA /* API PoetryTests */ = {
			isa = PBXFileSystemSynchronizedRootGroup;
			path = "API PoetryTests";
			sourceTree = "<group>";
		};
		16F16C442D6F6DBC00AD43DA /* API PoetryUITests */ = {
			isa = PBXFileSystemSynchronizedRootGroup;
			path = "API PoetryUITests";
			sourceTree = "<group>";
		};
/* End PBXFileSystemSynchronizedRootGroup section */

/* Begin PBXFrameworksBuildPhase section */
		16F16C242D6F6DB900AD43DA /* Frameworks */ = {
			isa = PBXFrameworksBuildPhase;
			buildActionMask = 2147483647;
			files = (
			);
			runOnlyForDeploymentPostprocessing = 0;
		};
		16F16C342D6F6DBC00AD43DA /* Frameworks */ = {
			isa = PBXFrameworksBuildPhase;
			buildActionMask = 2147483647;
			files = (
			);
			runOnlyForDeploymentPostprocessing = 0;
		};
		16F16C3E2D6F6DBC00AD43DA /* Frameworks */ = {
			isa = PBXFrameworksBuildPhase;
			buildActionMask = 2147483647;
			files = (
			);
			runOnlyForDeploymentPostprocessing = 0;
		};
/* End PBXFrameworksBuildPhase section */

/* Begin PBXGroup section */
		16F16C1E2D6F6DB900AD43DA = {
			isa = PBXGroup;
			children = (
				16F16C292D6F6DB900AD43DA /* API Poetry */,
				16F16C3A2D6F6DBC00AD43DA /* API PoetryTests */,
				16F16C442D6F6DBC00AD43DA /* API PoetryUITests */,
				16F16C282D6F6DB900AD43DA /* Products */,
			);
			sourceTree = "<group>";
		};
		16F16C282D6F6DB900AD43DA /* Products */ = {
			isa = PBXGroup;
			children = (
				16F16C272D6F6DB900AD43DA /* API Poetry.app */,
				16F16C372D6F6DBC00AD43DA /* API PoetryTests.xctest */,
				16F16C412D6F6DBC00AD43DA /* API PoetryUITests.xctest */,
			);
			name = Products;
			sourceTree = "<group>";
		};
/* End PBXGroup section */

/* Begin PBXNativeTarget section */
		16F16C262D6F6DB900AD43DA /* API Poetry */ = {
			isa = PBXNativeTarget;
			buildConfigurationList = 16F16C4B2D6F6DBC00AD43DA /* Build configuration list for PBXNativeTarget "API Poetry" */;
			buildPhases = (
				16F16C232D6F6DB900AD43DA /* Sources */,
				16F16C242D6F6DB900AD43DA /* Frameworks */,
				16F16C252D6F6DB900AD43DA /* Resources */,
			);
			buildRules = (
			);
			dependencies = (
			);
			fileSystemSynchronizedGroups = (
				16F16C292D6F6DB900AD43DA /* API Poetry */,
			);
			name = "API Poetry";
			packageProductDependencies = (
			);
			productName = "API Poetry";
			productReference = 16F16C272D6F6DB900AD43DA /* API Poetry.app */;
			productType = "com.apple.product-type.application";
		};
		16F16C362D6F6DBC00AD43DA /* API PoetryTests */ = {
			isa = PBXNativeTarget;
			buildConfigurationList = 16F16C4E2D6F6DBC00AD43DA /* Build configuration list for PBXNativeTarget "API PoetryTests" */;
			buildPhases = (
				16F16C332D6F6DBC00AD43DA /* Sources */,
				16F16C342D6F6DBC00AD43DA /* Frameworks */,
				16F16C352D6F6DBC00AD43DA /* Resources */,
			);
			buildRules = (
			);
			dependencies = (
				16F16C392D6F6DBC00AD43DA /* PBXTargetDependency */,
			);
			fileSystemSynchronizedGroups = (
				16F16C3A2D6F6DBC00AD43DA /* API PoetryTests */,
			);
			name = "API PoetryTests";
			packageProductDependencies = (
			);
			productName = "API PoetryTests";
			productReference = 16F16C372D6F6DBC00AD43DA /* API PoetryTests.xctest */;
			productType = "com.apple.product-type.bundle.unit-test";
		};
		16F16C402D6F6DBC00AD43DA /* API PoetryUITests */ = {
			isa = PBXNativeTarget;
			buildConfigurationList = 16F16C512D6F6DBC00AD43DA /* Build configuration list for PBXNativeTarget "API PoetryUITests" */;
			buildPhases = (
				16F16C3D2D6F6DBC00AD43DA /* Sources */,
				16F16C3E2D6F6DBC00AD43DA /* Frameworks */,
				16F16C3F2D6F6DBC00AD43DA /* Resources */,
			);
			buildRules = (
			);
			dependencies = (
				16F16C432D6F6DBC00AD43DA /* PBXTargetDependency */,
			);
			fileSystemSynchronizedGroups = (
				16F16C442D6F6DBC00AD43DA /* API PoetryUITests */,
			);
			name = "API PoetryUITests";
			packageProductDependencies = (
			);
			productName = "API PoetryUITests";
			productReference = 16F16C412D6F6DBC00AD43DA /* API PoetryUITests.xctest */;
			productType = "com.apple.product-type.bundle.ui-testing";
		};
/* End PBXNativeTarget section */

/* Begin PBXProject section */
		16F16C1F2D6F6DB900AD43DA /* Project object */ = {
			isa = PBXProject;
			attributes = {
				BuildIndependentTargetsInParallel = 1;
				LastSwiftUpdateCheck = 1620;
				LastUpgradeCheck = 1620;
				TargetAttributes = {
					16F16C262D6F6DB900AD43DA = {
						CreatedOnToolsVersion = 16.2;
					};
					16F16C362D6F6DBC00AD43DA = {
						CreatedOnToolsVersion = 16.2;
						TestTargetID = 16F16C262D6F6DB900AD43DA;
					};
					16F16C402D6F6DBC00AD43DA = {
						CreatedOnToolsVersion = 16.2;
						TestTargetID = 16F16C262D6F6DB900AD43DA;
					};
				};
			};
			buildConfigurationList = 16F16C222D6F6DB900AD43DA /* Build configuration list for PBXProject "API Poetry" */;
			developmentRegion = en;
			hasScannedForEncodings = 0;
			knownRegions = (
				en,
				Base,
			);
			mainGroup = 16F16C1E2D6F6DB900AD43DA;
			minimizedProjectReferenceProxies = 1;
			preferredProjectObjectVersion = 77;
			productRefGroup = 16F16C282D6F6DB900AD43DA /* Products */;
			projectDirPath = "";
			projectRoot = "";
			targets = (
				16F16C262D6F6DB900AD43DA /* API Poetry */,
				16F16C362D6F6DBC00AD43DA /* API PoetryTests */,
				16F16C402D6F6DBC00AD43DA /* API PoetryUITests */,
			);
		};
/* End PBXProject section */

/* Begin PBXResourcesBuildPhase section */
		16F16C252D6F6DB900AD43DA /* Resources */ = {
			isa = PBXResourcesBuildPhase;
			buildActionMask = 2147483647;
			files = (
			);
			runOnlyForDeploymentPostprocessing = 0;
		};
		16F16C352D6F6DBC00AD43DA /* Resources */ = {
			isa = PBXResourcesBuildPhase;
			buildActionMask = 2147483647;
			files = (
			);
			runOnlyForDeploymentPostprocessing = 0;
		};
		16F16C3F2D6F6DBC00AD43DA /* Resources */ = {
			isa = PBXResourcesBuildPhase;
			buildActionMask = 2147483647;
			files = (
			);
			runOnlyForDeploymentPostprocessing = 0;
		};
/* End PBXResourcesBuildPhase section */

/* Begin PBXSourcesBuildPhase section */
		16F16C232D6F6DB900AD43DA /* Sources */ = {
			isa = PBXSourcesBuildPhase;
			buildActionMask = 2147483647;
			files = (
			);
			runOnlyForDeploymentPostprocessing = 0;
		};
		16F16C332D6F6DBC00AD43DA /* Sources */ = {
			isa = PBXSourcesBuildPhase;
			buildActionMask = 2147483647;
			files = (
			);
			runOnlyForDeploymentPostprocessing = 0;
		};
		16F16C3D2D6F6DBC00AD43DA /* Sources */ = {
			isa = PBXSourcesBuildPhase;
			buildActionMask = 2147483647;
			files = (
			);
			runOnlyForDeploymentPostprocessing = 0;
		};
/* End PBXSourcesBuildPhase section */

/* Begin PBXTargetDependency section */
		16F16C392D6F6DBC00AD43DA /* PBXTargetDependency */ = {
			isa = PBXTargetDependency;
			target = 16F16C262D6F6DB900AD43DA /* API Poetry */;
			targetProxy = 16F16C382D6F6DBC00AD43DA /* PBXContainerItemProxy */;
		};
		16F16C432D6F6DBC00AD43DA /* PBXTargetDependency */ = {
			isa = PBXTargetDependency;
			target = 16F16C262D6F6DB900AD43DA /* API Poetry */;
			targetProxy = 16F16C422D6F6DBC00AD43DA /* PBXContainerItemProxy */;
		};
/* End PBXTargetDependency section */

/* Begin XCBuildConfiguration section */
		16F16C492D6F6DBC00AD43DA /* Debug */ = {
			isa = XCBuildConfiguration;
			buildSettings = {
				ALWAYS_SEARCH_USER_PATHS = NO;
				ASSETCATALOG_COMPILER_GENERATE_SWIFT_ASSET_SYMBOL_EXTENSIONS = YES;
				CLANG_ANALYZER_NONNULL = YES;
				CLANG_ANALYZER_NUMBER_OBJECT_CONVERSION = YES_AGGRESSIVE;
				CLANG_CXX_LANGUAGE_STANDARD = "gnu++20";
				CLANG_ENABLE_MODULES = YES;
				CLANG_ENABLE_OBJC_ARC = YES;
				CLANG_ENABLE_OBJC_WEAK = YES;
				CLANG_WARN_BLOCK_CAPTURE_AUTORELEASING = YES;
				CLANG_WARN_BOOL_CONVERSION = YES;
				CLANG_WARN_COMMA = YES;
				CLANG_WARN_CONSTANT_CONVERSION = YES;
				CLANG_WARN_DEPRECATED_OBJC_IMPLEMENTATIONS = YES;
				CLANG_WARN_DIRECT_OBJC_ISA_USAGE = YES_ERROR;
				CLANG_WARN_DOCUMENTATION_COMMENTS = YES;
				CLANG_WARN_EMPTY_BODY = YES;
				CLANG_WARN_ENUM_CONVERSION = YES;
				CLANG_WARN_INFINITE_RECURSION = YES;
				CLANG_WARN_INT_CONVERSION = YES;
				CLANG_WARN_NON_LITERAL_NULL_CONVERSION = YES;
				CLANG_WARN_OBJC_IMPLICIT_RETAIN_SELF = YES;
				CLANG_WARN_OBJC_LITERAL_CONVERSION = YES;
				CLANG_WARN_OBJC_ROOT_CLASS = YES_ERROR;
				CLANG_WARN_QUOTED_INCLUDE_IN_FRAMEWORK_HEADER = YES;
				CLANG_WARN_RANGE_LOOP_ANALYSIS = YES;
				CLANG_WARN_STRICT_PROTOTYPES = YES;
				CLANG_WARN_SUSPICIOUS_MOVE = YES;
				CLANG_WARN_UNGUARDED_AVAILABILITY = YES_AGGRESSIVE;
				CLANG_WARN_UNREACHABLE_CODE = YES;
				CLANG_WARN__DUPLICATE_METHOD_MATCH = YES;
				COPY_PHASE_STRIP = NO;
				DEBUG_INFORMATION_FORMAT = dwarf;
				ENABLE_STRICT_OBJC_MSGSEND = YES;
				ENABLE_TESTABILITY = YES;
				ENABLE_USER_SCRIPT_SANDBOXING = YES;
				GCC_C_LANGUAGE_STANDARD = gnu17;
				GCC_DYNAMIC_NO_PIC = NO;
				GCC_NO_COMMON_BLOCKS = YES;
				GCC_OPTIMIZATION_LEVEL = 0;
				GCC_PREPROCESSOR_DEFINITIONS = (
					"DEBUG=1",
					"$(inherited)",
				);
				GCC_WARN_64_TO_32_BIT_CONVERSION = YES;
				GCC_WARN_ABOUT_RETURN_TYPE = YES_ERROR;
				GCC_WARN_UNDECLARED_SELECTOR = YES;
				GCC_WARN_UNINITIALIZED_AUTOS = YES_AGGRESSIVE;
				GCC_WARN_UNUSED_FUNCTION = YES;
				GCC_WARN_UNUSED_VARIABLE = YES;
				IPHONEOS_DEPLOYMENT_TARGET = 18.2;
				LOCALIZATION_PREFERS_STRING_CATALOGS = YES;
				MTL_ENABLE_DEBUG_INFO = INCLUDE_SOURCE;
				MTL_FAST_MATH = YES;
				ONLY_ACTIVE_ARCH = YES;
				SDKROOT = iphoneos;
				SWIFT_ACTIVE_COMPILATION_CONDITIONS = "DEBUG $(inherited)";
				SWIFT_OPTIMIZATION_LEVEL = "-Onone";
			};
			name = Debug;
		};
		16F16C4A2D6F6DBC00AD43DA /* Release */ = {
			isa = XCBuildConfiguration;
			buildSettings = {
				ALWAYS_SEARCH_USER_PATHS = NO;
				ASSETCATALOG_COMPILER_GENERATE_SWIFT_ASSET_SYMBOL_EXTENSIONS = YES;
				CLANG_ANALYZER_NONNULL = YES;
				CLANG_ANALYZER_NUMBER_OBJECT_CONVERSION = YES_AGGRESSIVE;
				CLANG_CXX_LANGUAGE_STANDARD = "gnu++20";
				CLANG_ENABLE_MODULES = YES;
				CLANG_ENABLE_OBJC_ARC = YES;
				CLANG_ENABLE_OBJC_WEAK = YES;
				CLANG_WARN_BLOCK_CAPTURE_AUTORELEASING = YES;
				CLANG_WARN_BOOL_CONVERSION = YES;
				CLANG_WARN_COMMA = YES;
				CLANG_WARN_CONSTANT_CONVERSION = YES;
				CLANG_WARN_DEPRECATED_OBJC_IMPLEMENTATIONS = YES;
				CLANG_WARN_DIRECT_OBJC_ISA_USAGE = YES_ERROR;
				CLANG_WARN_DOCUMENTATION_COMMENTS = YES;
				CLANG_WARN_EMPTY_BODY = YES;
				CLANG_WARN_ENUM_CONVERSION = YES;
				CLANG_WARN_INFINITE_RECURSION = YES;
				CLANG_WARN_INT_CONVERSION = YES;
				CLANG_WARN_NON_LITERAL_NULL_CONVERSION = YES;
				CLANG_WARN_OBJC_IMPLICIT_RETAIN_SELF = YES;
				CLANG_WARN_OBJC_LITERAL_CONVERSION = YES;
				CLANG_WARN_OBJC_ROOT_CLASS = YES_ERROR;
				CLANG_WARN_QUOTED_INCLUDE_IN_FRAMEWORK_HEADER = YES;
				CLANG_WARN_RANGE_LOOP_ANALYSIS = YES;
				CLANG_WARN_STRICT_PROTOTYPES = YES;
				CLANG_WARN_SUSPICIOUS_MOVE = YES;
				CLANG_WARN_UNGUARDED_AVAILABILITY = YES_AGGRESSIVE;
				CLANG_WARN_UNREACHABLE_CODE = YES;
				CLANG_WARN__DUPLICATE_METHOD_MATCH = YES;
				COPY_PHASE_STRIP = NO;
				DEBUG_INFORMATION_FORMAT = "dwarf-with-dsym";
				ENABLE_NS_ASSERTIONS = NO;
				ENABLE_STRICT_OBJC_MSGSEND = YES;
				ENABLE_USER_SCRIPT_SANDBOXING = YES;
				GCC_C_LANGUAGE_STANDARD = gnu17;
				GCC_NO_COMMON_BLOCKS = YES;
				GCC_WARN_64_TO_32_BIT_CONVERSION = YES;
				GCC_WARN_ABOUT_RETURN_TYPE = YES_ERROR;
				GCC_WARN_UNDECLARED_SELECTOR = YES;
				GCC_WARN_UNINITIALIZED_AUTOS = YES_AGGRESSIVE;
				GCC_WARN_UNUSED_FUNCTION = YES;
				GCC_WARN_UNUSED_VARIABLE = YES;
				IPHONEOS_DEPLOYMENT_TARGET = 18.2;
				LOCALIZATION_PREFERS_STRING_CATALOGS = YES;
				MTL_ENABLE_DEBUG_INFO = NO;
				MTL_FAST_MATH = YES;
				SDKROOT = iphoneos;
				SWIFT_COMPILATION_MODE = wholemodule;
				VALIDATE_PRODUCT = YES;
			};
			name = Release;
		};
		16F16C4C2D6F6DBC00AD43DA /* Debug */ = {
			isa = XCBuildConfiguration;
			buildSettings = {
				ASSETCATALOG_COMPILER_APPICON_NAME = AppIcon;
				ASSETCATALOG_COMPILER_GLOBAL_ACCENT_COLOR_NAME = AccentColor;
				CODE_SIGN_STYLE = Automatic;
				CURRENT_PROJECT_VERSION = 1;
				DEVELOPMENT_ASSET_PATHS = "\"API Poetry/Preview Content\"";
				DEVELOPMENT_TEAM = P2TQUSUDZ6;
				ENABLE_PREVIEWS = YES;
				GENERATE_INFOPLIST_FILE = YES;
				INFOPLIST_KEY_UIApplicationSceneManifest_Generation = YES;
				INFOPLIST_KEY_UIApplicationSupportsIndirectInputEvents = YES;
				INFOPLIST_KEY_UILaunchScreen_Generation = YES;
				INFOPLIST_KEY_UISupportedInterfaceOrientations_iPad = "UIInterfaceOrientationPortrait UIInterfaceOrientationPortraitUpsideDown UIInterfaceOrientationLandscapeLeft UIInterfaceOrientationLandscapeRight";
				INFOPLIST_KEY_UISupportedInterfaceOrientations_iPhone = "UIInterfaceOrientationPortrait UIInterfaceOrientationLandscapeLeft UIInterfaceOrientationLandscapeRight";
				LD_RUNPATH_SEARCH_PATHS = (
					"$(inherited)",
					"@executable_path/Frameworks",
				);
				MARKETING_VERSION = 1.0;
				PRODUCT_BUNDLE_IDENTIFIER = "com.zane.API-Poetry";
				PRODUCT_NAME = "$(TARGET_NAME)";
				SWIFT_EMIT_LOC_STRINGS = YES;
				SWIFT_VERSION = 5.0;
				TARGETED_DEVICE_FAMILY = "1,2";
			};
			name = Debug;
		};
		16F16C4D2D6F6DBC00AD43DA /* Release */ = {
			isa = XCBuildConfiguration;
			buildSettings = {
				ASSETCATALOG_COMPILER_APPICON_NAME = AppIcon;
				ASSETCATALOG_COMPILER_GLOBAL_ACCENT_COLOR_NAME = AccentColor;
				CODE_SIGN_STYLE = Automatic;
				CURRENT_PROJECT_VERSION = 1;
				DEVELOPMENT_ASSET_PATHS = "\"API Poetry/Preview Content\"";
				DEVELOPMENT_TEAM = P2TQUSUDZ6;
				ENABLE_PREVIEWS = YES;
				GENERATE_INFOPLIST_FILE = YES;
				INFOPLIST_KEY_UIApplicationSceneManifest_Generation = YES;
				INFOPLIST_KEY_UIApplicationSupportsIndirectInputEvents = YES;
				INFOPLIST_KEY_UILaunchScreen_Generation = YES;
				INFOPLIST_KEY_UISupportedInterfaceOrientations_iPad = "UIInterfaceOrientationPortrait UIInterfaceOrientationPortraitUpsideDown UIInterfaceOrientationLandscapeLeft UIInterfaceOrientationLandscapeRight";
				INFOPLIST_KEY_UISupportedInterfaceOrientations_iPhone = "UIInterfaceOrientationPortrait UIInterfaceOrientationLandscapeLeft UIInterfaceOrientationLandscapeRight";
				LD_RUNPATH_SEARCH_PATHS = (
					"$(inherited)",
					"@executable_path/Frameworks",
				);
				MARKETING_VERSION = 1.0;
				PRODUCT_BUNDLE_IDENTIFIER = "com.zane.API-Poetry";
				PRODUCT_NAME = "$(TARGET_NAME)";
				SWIFT_EMIT_LOC_STRINGS = YES;
				SWIFT_VERSION = 5.0;
				TARGETED_DEVICE_FAMILY = "1,2";
			};
			name = Release;
		};
		16F16C4F2D6F6DBC00AD43DA /* Debug */ = {
			isa = XCBuildConfiguration;
			buildSettings = {
				BUNDLE_LOADER = "$(TEST_HOST)";
				CODE_SIGN_STYLE = Automatic;
				CURRENT_PROJECT_VERSION = 1;
				DEVELOPMENT_TEAM = P2TQUSUDZ6;
				GENERATE_INFOPLIST_FILE = YES;
				IPHONEOS_DEPLOYMENT_TARGET = 18.2;
				MARKETING_VERSION = 1.0;
				PRODUCT_BUNDLE_IDENTIFIER = "com.zane.API-PoetryTests";
				PRODUCT_NAME = "$(TARGET_NAME)";
				SWIFT_EMIT_LOC_STRINGS = NO;
				SWIFT_VERSION = 5.0;
				TARGETED_DEVICE_FAMILY = "1,2";
				TEST_HOST = "$(BUILT_PRODUCTS_DIR)/API Poetry.app/$(BUNDLE_EXECUTABLE_FOLDER_PATH)/API Poetry";
			};
			name = Debug;
		};
		16F16C502D6F6DBC00AD43DA /* Release */ = {
			isa = XCBuildConfiguration;
			buildSettings = {
				BUNDLE_LOADER = "$(TEST_HOST)";
				CODE_SIGN_STYLE = Automatic;
				CURRENT_PROJECT_VERSION = 1;
				DEVELOPMENT_TEAM = P2TQUSUDZ6;
				GENERATE_INFOPLIST_FILE = YES;
				IPHONEOS_DEPLOYMENT_TARGET = 18.2;
				MARKETING_VERSION = 1.0;
				PRODUCT_BUNDLE_IDENTIFIER = "com.zane.API-PoetryTests";
				PRODUCT_NAME = "$(TARGET_NAME)";
				SWIFT_EMIT_LOC_STRINGS = NO;
				SWIFT_VERSION = 5.0;
				TARGETED_DEVICE_FAMILY = "1,2";
				TEST_HOST = "$(BUILT_PRODUCTS_DIR)/API Poetry.app/$(BUNDLE_EXECUTABLE_FOLDER_PATH)/API Poetry";
			};
			name = Release;
		};
		16F16C522D6F6DBC00AD43DA /* Debug */ = {
			isa = XCBuildConfiguration;
			buildSettings = {
				CODE_SIGN_STYLE = Automatic;
				CURRENT_PROJECT_VERSION = 1;
				DEVELOPMENT_TEAM = P2TQUSUDZ6;
				GENERATE_INFOPLIST_FILE = YES;
				MARKETING_VERSION = 1.0;
				PRODUCT_BUNDLE_IDENTIFIER = "com.zane.API-PoetryUITests";
				PRODUCT_NAME = "$(TARGET_NAME)";
				SWIFT_EMIT_LOC_STRINGS = NO;
				SWIFT_VERSION = 5.0;
				TARGETED_DEVICE_FAMILY = "1,2";
				TEST_TARGET_NAME = "API Poetry";
			};
			name = Debug;
		};
		16F16C532D6F6DBC00AD43DA /* Release */ = {
			isa = XCBuildConfiguration;
			buildSettings = {
				CODE_SIGN_STYLE = Automatic;
				CURRENT_PROJECT_VERSION = 1;
				DEVELOPMENT_TEAM = P2TQUSUDZ6;
				GENERATE_INFOPLIST_FILE = YES;
				MARKETING_VERSION = 1.0;
				PRODUCT_BUNDLE_IDENTIFIER = "com.zane.API-PoetryUITests";
				PRODUCT_NAME = "$(TARGET_NAME)";
				SWIFT_EMIT_LOC_STRINGS = NO;
				SWIFT_VERSION = 5.0;
				TARGETED_DEVICE_FAMILY = "1,2";
				TEST_TARGET_NAME = "API Poetry";
			};
			name = Release;
		};
/* End XCBuildConfiguration section */

/* Begin XCConfigurationList section */
		16F16C222D6F6DB900AD43DA /* Build configuration list for PBXProject "API Poetry" */ = {
			isa = XCConfigurationList;
			buildConfigurations = (
				16F16C492D6F6DBC00AD43DA /* Debug */,
				16F16C4A2D6F6DBC00AD43DA /* Release */,
			);
			defaultConfigurationIsVisible = 0;
			defaultConfigurationName = Release;
		};
		16F16C4B2D6F6DBC00AD43DA /* Build configuration list for PBXNativeTarget "API Poetry" */ = {
			isa = XCConfigurationList;
			buildConfigurations = (
				16F16C4C2D6F6DBC00AD43DA /* Debug */,
				16F16C4D2D6F6DBC00AD43DA /* Release */,
			);
			defaultConfigurationIsVisible = 0;
			defaultConfigurationName = Release;
		};
		16F16C4E2D6F6DBC00AD43DA /* Build configuration list for PBXNativeTarget "API PoetryTests" */ = {
			isa = XCConfigurationList;
			buildConfigurations = (
				16F16C4F2D6F6DBC00AD43DA /* Debug */,
				16F16C502D6F6DBC00AD43DA /* Release */,
			);
			defaultConfigurationIsVisible = 0;
			defaultConfigurationName = Release;
		};
		16F16C512D6F6DBC00AD43DA /* Build configuration list for PBXNativeTarget "API PoetryUITests" */ = {
			isa = XCConfigurationList;
			buildConfigurations = (
				16F16C522D6F6DBC00AD43DA /* Debug */,
				16F16C532D6F6DBC00AD43DA /* Release */,
			);
			defaultConfigurationIsVisible = 0;
			defaultConfigurationName = Release;
		};
/* End XCConfigurationList section */
	};
	rootObject = 16F16C1F2D6F6DB900AD43DA /* Project object */;
}
